{
  "name": "workspace",
  "version": "1.0.0",
  "lockfileVersion": 3,
  "requires": true,
  "packages": {
    "": {
      "name": "workspace",
      "version": "1.0.0",
      "license": "ISC",
      "dependencies": {
        "@finos/fdc3": "^2.2.0"
      }
    },
    "node_modules/@finos/fdc3": {
      "version": "2.2.0",
      "resolved": "https://registry.npmjs.org/@finos/fdc3/-/fdc3-2.2.0.tgz",
      "integrity": "sha512-sevq73mCZHPJ7k6EAS2PbqN6yLScFe5xrfzBwd2SzPsraR3jHL15ycIqKMPnm89vjJyZsJhO9pERTagUAdSrkA==",
      "license": "Apache-2.0",
      "dependencies": {
        "@finos/fdc3-context": "2.2.0",
        "@finos/fdc3-get-agent": "2.2.0",
        "@finos/fdc3-schema": "2.2.0",
        "@finos/fdc3-standard": "2.2.0"
      }
    },
    "node_modules/@finos/fdc3-agent-proxy": {
      "version": "2.2.0",
      "resolved": "https://registry.npmjs.org/@finos/fdc3-agent-proxy/-/fdc3-agent-proxy-2.2.0.tgz",
      "integrity": "sha512-st5acoSamqICXlZKglK7/XyHdPSD5ywaUeH2dkJW6X7VVbt3CVEpU07nc2/H96MCYhSGX0J7DGzhPxcBq4rDvA==",
      "license": "Apache-2.0",
      "dependencies": {
        "@finos/fdc3-standard": "2.2.0"
      }
    },
    "node_modules/@finos/fdc3-context": {
      "version": "2.2.0",
      "resolved": "https://registry.npmjs.org/@finos/fdc3-context/-/fdc3-context-2.2.0.tgz",
      "integrity": "sha512-2o7nmKcIWpyhztSXu9mRGjFSTDGmARK4KiOH8ZS+qKjHbIzZnX5Eb5fmv5inFdLVRzF7Z4X0flMc2WDc8AI5eg==",
      "license": "Apache-2.0"
    },
    "node_modules/@finos/fdc3-get-agent": {
      "version": "2.2.0",
      "resolved": "https://registry.npmjs.org/@finos/fdc3-get-agent/-/fdc3-get-agent-2.2.0.tgz",
      "integrity": "sha512-bj2I8mE3fYo011EkIGaxLnvj6a0u1yyVtgaSI2NTAMX1sM04HJyt54Qz2ZDITzOhIUMxhglGIqjLPu1tPSPsSw==",
      "license": "Apache-2.0",
      "dependencies": {
        "@finos/fdc3-agent-proxy": "2.2.0",
        "@finos/fdc3-context": "2.2.0",
        "@finos/fdc3-schema": "2.2.0",
        "@finos/fdc3-standard": "2.2.0",
        "@types/uuid": "^10.0.0",
        "uuid": "^9.0.1"
      }
    },
    "node_modules/@finos/fdc3-schema": {
      "version": "2.2.0",
      "resolved": "https://registry.npmjs.org/@finos/fdc3-schema/-/fdc3-schema-2.2.0.tgz",
      "integrity": "sha512-6+APDKevZAVE4/3+JuBnKZGmvXPq/XBBnoM0sZfDWqAVPs3Ezk/c9YfKWTVx21Pdm+HmiSz2i/IZR6vEIGwjEg==",
      "license": "Apache-2.0"
    },
    "node_modules/@finos/fdc3-standard": {
      "version": "2.2.0",
      "resolved": "https://registry.npmjs.org/@finos/fdc3-standard/-/fdc3-standard-2.2.0.tgz",
      "integrity": "sha512-FfXo5Q7Hir4DqpqPhV07LfpjEGCm22QkxhZYODKX+Fi9lMd/XjHdMywYRN+pFkEyrkBgSveJDQ/T2+67lXsLxQ==",
      "license": "Apache-2.0",
      "dependencies": {
        "@finos/fdc3-context": "2.2.0",
        "@finos/fdc3-schema": "2.2.0"
      }
    },
    "node_modules/@types/uuid": {
      "version": "10.0.0",
      "resolved": "https://registry.npmjs.org/@types/uuid/-/uuid-10.0.0.tgz",
      "integrity": "sha512-7gqG38EyHgyP1S+7+xomFtL+ZNHcKv6DwNaCZmJmo1vgMugyF3TCnXVg4t1uk89mLNwnLtnY3TpOpCOyp1/xHQ==",
      "license": "MIT"
    },
    "node_modules/uuid": {
      "version": "9.0.1",
      "resolved": "https://registry.npmjs.org/uuid/-/uuid-9.0.1.tgz",
      "integrity": "sha512-b+1eJOlsR9K8HJpow9Ok3fiWOWSIcIzXodvv0rQjVoOVNpWMpxf1wZNpt4y9h10odCNrqnYp1OBzRktckBe3sA==",
      "funding": [
        "https://github.com/sponsors/broofa",
        "https://github.com/sponsors/ctavan"
      ],
      "license": "MIT",
      "bin": {
        "uuid": "dist/bin/uuid"
      }
    }
  }
}
